
Microsoft Visual Studio Solution File, Format Version 12.00
# Visual Studio Version 17
VisualStudioVersion = 17.11.35303.130
MinimumVisualStudioVersion = 10.0.40219.1
Project("{F2A71F9B-5D33-465A-A702-920D77279786}") = "F#", "F#\F#.fsproj", "{43E7898B-695F-496D-9834-CDD9FA3A32DA}"
EndProject
Global
	GlobalSection(SolutionConfigurationPlatforms) = preSolution
		Debug|Any CPU = Debug|Any CPU
		Release|Any CPU = Release|Any CPU
	EndGlobalSection
	GlobalSection(ProjectConfigurationPlatforms) = postSolution
		{43E7898B-695F-496D-9834-CDD9FA3A32DA}.Debug|Any CPU.ActiveCfg = Debug|Any CPU
		{43E7898B-695F-496D-9834-CDD9FA3A32DA}.Debug|Any CPU.Build.0 = Debug|Any CPU
		{43E7898B-695F-496D-9834-CDD9FA3A32DA}.Release|Any CPU.ActiveCfg = Release|Any CPU
		{43E7898B-695F-496D-9834-CDD9FA3A32DA}.Release|Any CPU.Build.0 = Release|Any CPU
	EndGlobalSection
	GlobalSection(SolutionProperties) = preSolution
		HideSolutionNode = FALSE
	EndGlobalSection
	GlobalSection(ExtensibilityGlobals) = postSolution
		SolutionGuid = {6D328128-9D79-4305-BA15-9D24A55896D1}
	EndGlobalSection
EndGlobal
